dependencies:
- name: sharedlib
  repository: file://../sharedlib
  version: 0.1.0
- name: sharedlib
  repository: file://../sharedlib
  version: 0.1.0
- name: sharedlib
  repository: file://../sharedlib
  version: 0.1.0
digest: sha256:270142f38b67a32e1a0fe09e116b07e74deac5fc8d09364ab09f299747e702e8
generated: "2024-11-22T12:49:56.590106+07:00"
